// !$*UTF8*$!
{
	archiveVersion = 1;
	classes = {
	};
	objectVersion = 50;
	objects = {

/* Begin PBXBuildFile section */
		C8AD469B24EA5D8CB8367CC6 /* Pods_Guidy.framework in Frameworks */ = {isa = PBXBuildFile; fileRef = 849C63AE331801547A507FCD /* Pods_Guidy.framework */; };
		D166CFAB25B980BA00601684 /* converted_model4.tflite in Resources */ = {isa = PBXBuildFile; fileRef = D166CFAA25B980BA00601684 /* converted_model4.tflite */; };
		D166CFC225B9A0EC00601684 /* CurvedView.swift in Sources */ = {isa = PBXBuildFile; fileRef = D166CFC125B9A0EC00601684 /* CurvedView.swift */; };
		D166CFC525B9A19400601684 /* PreviewView.swift in Sources */ = {isa = PBXBuildFile; fileRef = D166CFC425B9A19400601684 /* PreviewView.swift */; };
		D166CFC825B9A7CD00601684 /* InferenceViewController.swift in Sources */ = {isa = PBXBuildFile; fileRef = D166CFBA25B9A0D600601684 /* InferenceViewController.swift */; };
		D166CFCA25B9A7D200601684 /* ViewController.swift in Sources */ = {isa = PBXBuildFile; fileRef = D166CFB925B9A0D600601684 /* ViewController.swift */; };
		D166CFCD25B9A7D400601684 /* InfoCell.swift in Sources */ = {isa = PBXBuildFile; fileRef = D166CFBE25B9A0E300601684 /* InfoCell.swift */; };
		D1F24B3725B6EC440050724B /* AppDelegate.swift in Sources */ = {isa = PBXBuildFile; fileRef = D1F24B3625B6EC440050724B /* AppDelegate.swift */; };
		D1F24B3925B6EC440050724B /* SceneDelegate.swift in Sources */ = {isa = PBXBuildFile; fileRef = D1F24B3825B6EC440050724B /* SceneDelegate.swift */; };
		D1F24B3E25B6EC440050724B /* Main.storyboard in Resources */ = {isa = PBXBuildFile; fileRef = D1F24B3C25B6EC440050724B /* Main.storyboard */; };
		D1F24B4025B6EC480050724B /* Assets.xcassets in Resources */ = {isa = PBXBuildFile; fileRef = D1F24B3F25B6EC480050724B /* Assets.xcassets */; };
		D1F24B4325B6EC480050724B /* LaunchScreen.storyboard in Resources */ = {isa = PBXBuildFile; fileRef = D1F24B4125B6EC480050724B /* LaunchScreen.storyboard */; };
		D1F24B5525B6ED260050724B /* 경회루가이드이미지.jpg in Resources */ = {isa = PBXBuildFile; fileRef = D1F24B4C25B6ED260050724B /* 경회루가이드이미지.jpg */; };
		D1F24B5625B6ED260050724B /* 강녕전가이드이미지.jpeg in Resources */ = {isa = PBXBuildFile; fileRef = D1F24B4D25B6ED260050724B /* 강녕전가이드이미지.jpeg */; };
		D1F24B5725B6ED260050724B /* 광화문가이드이미지.jpg in Resources */ = {isa = PBXBuildFile; fileRef = D1F24B4E25B6ED260050724B /* 광화문가이드이미지.jpg */; };
		D1F24B5825B6ED260050724B /* 강녕전오디오가이드.mp3 in Resources */ = {isa = PBXBuildFile; fileRef = D1F24B4F25B6ED260050724B /* 강녕전오디오가이드.mp3 */; };
		D1F24B5925B6ED260050724B /* 경회루오디오가이드.mp3 in Resources */ = {isa = PBXBuildFile; fileRef = D1F24B5025B6ED260050724B /* 경회루오디오가이드.mp3 */; };
		D1F24B5A25B6ED260050724B /* 광화문오디오가이드.mp3 in Resources */ = {isa = PBXBuildFile; fileRef = D1F24B5125B6ED260050724B /* 광화문오디오가이드.mp3 */; };
		D1F24B5B25B6ED260050724B /* 근정전오디오가이드.mp3 in Resources */ = {isa = PBXBuildFile; fileRef = D1F24B5225B6ED260050724B /* 근정전오디오가이드.mp3 */; };
		D1F24B5C25B6ED260050724B /* guideData.json in Resources */ = {isa = PBXBuildFile; fileRef = D1F24B5325B6ED260050724B /* guideData.json */; };
		D1F24B5D25B6ED260050724B /* 근정전가이드이미지.jpg in Resources */ = {isa = PBXBuildFile; fileRef = D1F24B5425B6ED260050724B /* 근정전가이드이미지.jpg */; };
		D1F24B6425B6EE3B0050724B /* GuideViewController.swift in Sources */ = {isa = PBXBuildFile; fileRef = D1F24B6325B6EE3B0050724B /* GuideViewController.swift */; };
		D1F24B6725B6EE5E0050724B /* Guide.swift in Sources */ = {isa = PBXBuildFile; fileRef = D1F24B6625B6EE5E0050724B /* Guide.swift */; };
		D1F24B6B25B6EECA0050724B /* CVPixelBufferExtension.swift in Sources */ = {isa = PBXBuildFile; fileRef = D1F24B6925B6EECA0050724B /* CVPixelBufferExtension.swift */; };
		D1F24B6C25B6EECA0050724B /* ImgCfViewController.swift in Sources */ = {isa = PBXBuildFile; fileRef = D1F24B6A25B6EECA0050724B /* ImgCfViewController.swift */; };
		D1F24B7025B6EEF30050724B /* ModelDataHandler.swift in Sources */ = {isa = PBXBuildFile; fileRef = D1F24B6F25B6EEF30050724B /* ModelDataHandler.swift */; };
		D1F24B7625B6EF2F0050724B /* labels.txt in Resources */ = {isa = PBXBuildFile; fileRef = D1F24B7425B6EF2F0050724B /* labels.txt */; };
		D1F24B7B25B6EF790050724B /* CameraFeedManager.swift in Sources */ = {isa = PBXBuildFile; fileRef = D1F24B7925B6EF790050724B /* CameraFeedManager.swift */; };
		D1F24B7C25B6EF790050724B /* PreviewView1.swift in Sources */ = {isa = PBXBuildFile; fileRef = D1F24B7A25B6EF790050724B /* PreviewView1.swift */; };
/* End PBXBuildFile section */

/* Begin PBXFileReference section */
		0D7234974C83B2A02C2F26C9 /* Pods-Guidy.debug.xcconfig */ = {isa = PBXFileReference; includeInIndex = 1; lastKnownFileType = text.xcconfig; name = "Pods-Guidy.debug.xcconfig"; path = "Target Support Files/Pods-Guidy/Pods-Guidy.debug.xcconfig"; sourceTree = "<group>"; };
		6003B28DDF23ADDAA4B18B7E /* Pods-Guidy.release.xcconfig */ = {isa = PBXFileReference; includeInIndex = 1; lastKnownFileType = text.xcconfig; name = "Pods-Guidy.release.xcconfig"; path = "Target Support Files/Pods-Guidy/Pods-Guidy.release.xcconfig"; sourceTree = "<group>"; };
		849C63AE331801547A507FCD /* Pods_Guidy.framework */ = {isa = PBXFileReference; explicitFileType = wrapper.framework; includeInIndex = 0; path = Pods_Guidy.framework; sourceTree = BUILT_PRODUCTS_DIR; };
		D166CFAA25B980BA00601684 /* converted_model4.tflite */ = {isa = PBXFileReference; lastKnownFileType = file; path = converted_model4.tflite; sourceTree = "<group>"; };
		D166CFB925B9A0D600601684 /* ViewController.swift */ = {isa = PBXFileReference; fileEncoding = 4; lastKnownFileType = sourcecode.swift; path = ViewController.swift; sourceTree = "<group>"; };
		D166CFBA25B9A0D600601684 /* InferenceViewController.swift */ = {isa = PBXFileReference; fileEncoding = 4; lastKnownFileType = sourcecode.swift; path = InferenceViewController.swift; sourceTree = "<group>"; };
		D166CFBE25B9A0E300601684 /* InfoCell.swift */ = {isa = PBXFileReference; fileEncoding = 4; lastKnownFileType = sourcecode.swift; path = InfoCell.swift; sourceTree = "<group>"; };
		D166CFC125B9A0EC00601684 /* CurvedView.swift */ = {isa = PBXFileReference; fileEncoding = 4; lastKnownFileType = sourcecode.swift; path = CurvedView.swift; sourceTree = "<group>"; };
		D166CFC425B9A19400601684 /* PreviewView.swift */ = {isa = PBXFileReference; fileEncoding = 4; lastKnownFileType = sourcecode.swift; path = PreviewView.swift; sourceTree = "<group>"; };
		D1F24B3325B6EC440050724B /* Guidy.app */ = {isa = PBXFileReference; explicitFileType = wrapper.application; includeInIndex = 0; path = Guidy.app; sourceTree = BUILT_PRODUCTS_DIR; };
		D1F24B3625B6EC440050724B /* AppDelegate.swift */ = {isa = PBXFileReference; lastKnownFileType = sourcecode.swift; path = AppDelegate.swift; sourceTree = "<group>"; };
		D1F24B3825B6EC440050724B /* SceneDelegate.swift */ = {isa = PBXFileReference; lastKnownFileType = sourcecode.swift; path = SceneDelegate.swift; sourceTree = "<group>"; };
		D1F24B3D25B6EC440050724B /* Base */ = {isa = PBXFileReference; lastKnownFileType = file.storyboard; name = Base; path = Base.lproj/Main.storyboard; sourceTree = "<group>"; };
		D1F24B3F25B6EC480050724B /* Assets.xcassets */ = {isa = PBXFileReference; lastKnownFileType = folder.assetcatalog; path = Assets.xcassets; sourceTree = "<group>"; };
		D1F24B4225B6EC480050724B /* Base */ = {isa = PBXFileReference; lastKnownFileType = file.storyboard; name = Base; path = Base.lproj/LaunchScreen.storyboard; sourceTree = "<group>"; };
		D1F24B4425B6EC480050724B /* Info.plist */ = {isa = PBXFileReference; lastKnownFileType = text.plist.xml; path = Info.plist; sourceTree = "<group>"; };
		D1F24B4C25B6ED260050724B /* 경회루가이드이미지.jpg */ = {isa = PBXFileReference; lastKnownFileType = image.jpeg; path = "경회루가이드이미지.jpg"; sourceTree = "<group>"; };
		D1F24B4D25B6ED260050724B /* 강녕전가이드이미지.jpeg */ = {isa = PBXFileReference; lastKnownFileType = image.jpeg; path = "강녕전가이드이미지.jpeg"; sourceTree = "<group>"; };
		D1F24B4E25B6ED260050724B /* 광화문가이드이미지.jpg */ = {isa = PBXFileReference; lastKnownFileType = image.jpeg; path = "광화문가이드이미지.jpg"; sourceTree = "<group>"; };
		D1F24B4F25B6ED260050724B /* 강녕전오디오가이드.mp3 */ = {isa = PBXFileReference; lastKnownFileType = audio.mp3; path = "강녕전오디오가이드.mp3"; sourceTree = "<group>"; };
		D1F24B5025B6ED260050724B /* 경회루오디오가이드.mp3 */ = {isa = PBXFileReference; lastKnownFileType = audio.mp3; path = "경회루오디오가이드.mp3"; sourceTree = "<group>"; };
		D1F24B5125B6ED260050724B /* 광화문오디오가이드.mp3 */ = {isa = PBXFileReference; lastKnownFileType = audio.mp3; path = "광화문오디오가이드.mp3"; sourceTree = "<group>"; };
		D1F24B5225B6ED260050724B /* 근정전오디오가이드.mp3 */ = {isa = PBXFileReference; lastKnownFileType = audio.mp3; path = "근정전오디오가이드.mp3"; sourceTree = "<group>"; };
		D1F24B5325B6ED260050724B /* guideData.json */ = {isa = PBXFileReference; fileEncoding = 4; lastKnownFileType = text.json; path = guideData.json; sourceTree = "<group>"; };
		D1F24B5425B6ED260050724B /* 근정전가이드이미지.jpg */ = {isa = PBXFileReference; lastKnownFileType = image.jpeg; path = "근정전가이드이미지.jpg"; sourceTree = "<group>"; };
		D1F24B6325B6EE3B0050724B /* GuideViewController.swift */ = {isa = PBXFileReference; fileEncoding = 4; lastKnownFileType = sourcecode.swift; path = GuideViewController.swift; sourceTree = "<group>"; };
		D1F24B6625B6EE5E0050724B /* Guide.swift */ = {isa = PBXFileReference; fileEncoding = 4; lastKnownFileType = sourcecode.swift; path = Guide.swift; sourceTree = "<group>"; };
		D1F24B6925B6EECA0050724B /* CVPixelBufferExtension.swift */ = {isa = PBXFileReference; fileEncoding = 4; lastKnownFileType = sourcecode.swift; path = CVPixelBufferExtension.swift; sourceTree = "<group>"; };
		D1F24B6A25B6EECA0050724B /* ImgCfViewController.swift */ = {isa = PBXFileReference; fileEncoding = 4; lastKnownFileType = sourcecode.swift; path = ImgCfViewController.swift; sourceTree = "<group>"; };
		D1F24B6F25B6EEF30050724B /* ModelDataHandler.swift */ = {isa = PBXFileReference; fileEncoding = 4; lastKnownFileType = sourcecode.swift; path = ModelDataHandler.swift; sourceTree = "<group>"; };
		D1F24B7425B6EF2F0050724B /* labels.txt */ = {isa = PBXFileReference; fileEncoding = 4; lastKnownFileType = text; path = labels.txt; sourceTree = "<group>"; };
		D1F24B7925B6EF790050724B /* CameraFeedManager.swift */ = {isa = PBXFileReference; fileEncoding = 4; lastKnownFileType = sourcecode.swift; path = CameraFeedManager.swift; sourceTree = "<group>"; };
		D1F24B7A25B6EF790050724B /* PreviewView1.swift */ = {isa = PBXFileReference; fileEncoding = 4; lastKnownFileType = sourcecode.swift; path = PreviewView1.swift; sourceTree = "<group>"; };
/* End PBXFileReference section */

/* Begin PBXFrameworksBuildPhase section */
		D1F24B3025B6EC440050724B /* Frameworks */ = {
			isa = PBXFrameworksBuildPhase;
			buildActionMask = 2147483647;
			files = (
				C8AD469B24EA5D8CB8367CC6 /* Pods_Guidy.framework in Frameworks */,
			);
			runOnlyForDeploymentPostprocessing = 0;
		};
/* End PBXFrameworksBuildPhase section */

/* Begin PBXGroup section */
		107AFD0C4C52ECDA9B5504DE /* Frameworks */ = {
			isa = PBXGroup;
			children = (
				849C63AE331801547A507FCD /* Pods_Guidy.framework */,
			);
			name = Frameworks;
			sourceTree = "<group>";
		};
		BF36760C7546BD9E2D282329 /* Pods */ = {
			isa = PBXGroup;
			children = (
				0D7234974C83B2A02C2F26C9 /* Pods-Guidy.debug.xcconfig */,
				6003B28DDF23ADDAA4B18B7E /* Pods-Guidy.release.xcconfig */,
			);
			path = Pods;
			sourceTree = "<group>";
		};
		D1F24B2A25B6EC440050724B = {
			isa = PBXGroup;
			children = (
				D1F24B3525B6EC440050724B /* Guidy */,
				D1F24B3425B6EC440050724B /* Products */,
				BF36760C7546BD9E2D282329 /* Pods */,
				107AFD0C4C52ECDA9B5504DE /* Frameworks */,
			);
			sourceTree = "<group>";
		};
		D1F24B3425B6EC440050724B /* Products */ = {
			isa = PBXGroup;
			children = (
				D1F24B3325B6EC440050724B /* Guidy.app */,
			);
			name = Products;
			sourceTree = "<group>";
		};
		D1F24B3525B6EC440050724B /* Guidy */ = {
			isa = PBXGroup;
			children = (
				D1F24B3625B6EC440050724B /* AppDelegate.swift */,
				D1F24B3825B6EC440050724B /* SceneDelegate.swift */,
				D1F24B4B25B6ECE00050724B /* GuideData */,
				D1F24B5F25B6EDA70050724B /* ImageClassification */,
				D1F24B6025B6EDC00050724B /* Guide */,
				D1F24B6225B6EE080050724B /* Storyboards */,
				D1F24B3F25B6EC480050724B /* Assets.xcassets */,
				D1F24B4425B6EC480050724B /* Info.plist */,
			);
			path = Guidy;
			sourceTree = "<group>";
		};
		D1F24B4B25B6ECE00050724B /* GuideData */ = {
			isa = PBXGroup;
			children = (
				D1F24B4D25B6ED260050724B /* 강녕전가이드이미지.jpeg */,
				D1F24B4F25B6ED260050724B /* 강녕전오디오가이드.mp3 */,
				D1F24B4C25B6ED260050724B /* 경회루가이드이미지.jpg */,
				D1F24B5025B6ED260050724B /* 경회루오디오가이드.mp3 */,
				D1F24B4E25B6ED260050724B /* 광화문가이드이미지.jpg */,
				D1F24B5125B6ED260050724B /* 광화문오디오가이드.mp3 */,
				D1F24B5425B6ED260050724B /* 근정전가이드이미지.jpg */,
				D1F24B5225B6ED260050724B /* 근정전오디오가이드.mp3 */,
				D1F24B5325B6ED260050724B /* guideData.json */,
			);
			path = GuideData;
			sourceTree = "<group>";
		};
		D1F24B5F25B6EDA70050724B /* ImageClassification */ = {
			isa = PBXGroup;
			children = (
				D166CFBA25B9A0D600601684 /* InferenceViewController.swift */,
				D166CFB925B9A0D600601684 /* ViewController.swift */,
				D166CFBE25B9A0E300601684 /* InfoCell.swift */,
				D166CFC125B9A0EC00601684 /* CurvedView.swift */,
				D1F24B7825B6EF480050724B /* CameraFeed */,
				D1F24B6E25B6EEDF0050724B /* ModelDataHandler */,
				D1F24B7225B6EF110050724B /* Model */,
				D1F24B6A25B6EECA0050724B /* ImgCfViewController.swift */,
				D1F24B6925B6EECA0050724B /* CVPixelBufferExtension.swift */,
			);
			path = ImageClassification;
			sourceTree = "<group>";
		};
		D1F24B6025B6EDC00050724B /* Guide */ = {
			isa = PBXGroup;
			children = (
				D1F24B6325B6EE3B0050724B /* GuideViewController.swift */,
				D1F24B6625B6EE5E0050724B /* Guide.swift */,
			);
			path = Guide;
			sourceTree = "<group>";
		};
		D1F24B6225B6EE080050724B /* Storyboards */ = {
			isa = PBXGroup;
			children = (
				D1F24B3C25B6EC440050724B /* Main.storyboard */,
				D1F24B4125B6EC480050724B /* LaunchScreen.storyboard */,
			);
			path = Storyboards;
			sourceTree = "<group>";
		};
		D1F24B6E25B6EEDF0050724B /* ModelDataHandler */ = {
			isa = PBXGroup;
			children = (
				D1F24B6F25B6EEF30050724B /* ModelDataHandler.swift */,
			);
			path = ModelDataHandler;
			sourceTree = "<group>";
		};
		D1F24B7225B6EF110050724B /* Model */ = {
			isa = PBXGroup;
			children = (
				D166CFAA25B980BA00601684 /* converted_model4.tflite */,
				D1F24B7425B6EF2F0050724B /* labels.txt */,
			);
			path = Model;
			sourceTree = "<group>";
		};
		D1F24B7825B6EF480050724B /* CameraFeed */ = {
			isa = PBXGroup;
			children = (
				D1F24B7925B6EF790050724B /* CameraFeedManager.swift */,
				D1F24B7A25B6EF790050724B /* PreviewView1.swift */,
				D166CFC425B9A19400601684 /* PreviewView.swift */,
			);
			path = CameraFeed;
			sourceTree = "<group>";
		};
/* End PBXGroup section */

/* Begin PBXNativeTarget section */
		D1F24B3225B6EC440050724B /* Guidy */ = {
			isa = PBXNativeTarget;
			buildConfigurationList = D1F24B4725B6EC480050724B /* Build configuration list for PBXNativeTarget "Guidy" */;
			buildPhases = (
				5E442A4246B62C8D0F4F2B99 /* [CP] Check Pods Manifest.lock */,
				D1F24B2F25B6EC440050724B /* Sources */,
				D1F24B3025B6EC440050724B /* Frameworks */,
				D1F24B3125B6EC440050724B /* Resources */,
			);
			buildRules = (
			);
			dependencies = (
			);
			name = Guidy;
			productName = Guidy;
			productReference = D1F24B3325B6EC440050724B /* Guidy.app */;
			productType = "com.apple.product-type.application";
		};
/* End PBXNativeTarget section */

/* Begin PBXProject section */
		D1F24B2B25B6EC440050724B /* Project object */ = {
			isa = PBXProject;
			attributes = {
				LastSwiftUpdateCheck = 1220;
				LastUpgradeCheck = 1220;
				TargetAttributes = {
					D1F24B3225B6EC440050724B = {
						CreatedOnToolsVersion = 12.2;
					};
				};
			};
			buildConfigurationList = D1F24B2E25B6EC440050724B /* Build configuration list for PBXProject "Guidy" */;
			compatibilityVersion = "Xcode 9.3";
			developmentRegion = en;
			hasScannedForEncodings = 0;
			knownRegions = (
				en,
				Base,
			);
			mainGroup = D1F24B2A25B6EC440050724B;
			productRefGroup = D1F24B3425B6EC440050724B /* Products */;
			projectDirPath = "";
			projectRoot = "";
			targets = (
				D1F24B3225B6EC440050724B /* Guidy */,
			);
		};
/* End PBXProject section */

/* Begin PBXResourcesBuildPhase section */
		D1F24B3125B6EC440050724B /* Resources */ = {
			isa = PBXResourcesBuildPhase;
			buildActionMask = 2147483647;
			files = (
				D1F24B5925B6ED260050724B /* 경회루오디오가이드.mp3 in Resources */,
				D1F24B5825B6ED260050724B /* 강녕전오디오가이드.mp3 in Resources */,
				D1F24B5625B6ED260050724B /* 강녕전가이드이미지.jpeg in Resources */,
				D1F24B5B25B6ED260050724B /* 근정전오디오가이드.mp3 in Resources */,
				D1F24B5725B6ED260050724B /* 광화문가이드이미지.jpg in Resources */,
				D1F24B7625B6EF2F0050724B /* labels.txt in Resources */,
				D1F24B5C25B6ED260050724B /* guideData.json in Resources */,
				D1F24B4325B6EC480050724B /* LaunchScreen.storyboard in Resources */,
				D1F24B5525B6ED260050724B /* 경회루가이드이미지.jpg in Resources */,
				D1F24B4025B6EC480050724B /* Assets.xcassets in Resources */,
				D1F24B5A25B6ED260050724B /* 광화문오디오가이드.mp3 in Resources */,
				D166CFAB25B980BA00601684 /* converted_model4.tflite in Resources */,
				D1F24B5D25B6ED260050724B /* 근정전가이드이미지.jpg in Resources */,
				D1F24B3E25B6EC440050724B /* Main.storyboard in Resources */,
			);
			runOnlyForDeploymentPostprocessing = 0;
		};
/* End PBXResourcesBuildPhase section */

/* Begin PBXShellScriptBuildPhase section */
		5E442A4246B62C8D0F4F2B99 /* [CP] Check Pods Manifest.lock */ = {
			isa = PBXShellScriptBuildPhase;
			buildActionMask = 2147483647;
			files = (
			);
			inputFileListPaths = (
			);
			inputPaths = (
				"${PODS_PODFILE_DIR_PATH}/Podfile.lock",
				"${PODS_ROOT}/Manifest.lock",
			);
			name = "[CP] Check Pods Manifest.lock";
			outputFileListPaths = (
			);
			outputPaths = (
				"$(DERIVED_FILE_DIR)/Pods-Guidy-checkManifestLockResult.txt",
			);
			runOnlyForDeploymentPostprocessing = 0;
			shellPath = /bin/sh;
			shellScript = "diff \"${PODS_PODFILE_DIR_PATH}/Podfile.lock\" \"${PODS_ROOT}/Manifest.lock\" > /dev/null\nif [ $? != 0 ] ; then\n    # print error to STDERR\n    echo \"error: The sandbox is not in sync with the Podfile.lock. Run 'pod install' or update your CocoaPods installation.\" >&2\n    exit 1\nfi\n# This output is used by Xcode 'outputs' to avoid re-running this script phase.\necho \"SUCCESS\" > \"${SCRIPT_OUTPUT_FILE_0}\"\n";
			showEnvVarsInLog = 0;
		};
/* End PBXShellScriptBuildPhase section */

/* Begin PBXSourcesBuildPhase section */
		D1F24B2F25B6EC440050724B /* Sources */ = {
			isa = PBXSourcesBuildPhase;
			buildActionMask = 2147483647;
			files = (
				D166CFC825B9A7CD00601684 /* InferenceViewController.swift in Sources */,
				D1F24B6B25B6EECA0050724B /* CVPixelBufferExtension.swift in Sources */,
				D1F24B3725B6EC440050724B /* AppDelegate.swift in Sources */,
				D1F24B7C25B6EF790050724B /* PreviewView1.swift in Sources */,
				D166CFCA25B9A7D200601684 /* ViewController.swift in Sources */,
				D1F24B7B25B6EF790050724B /* CameraFeedManager.swift in Sources */,
				D1F24B3925B6EC440050724B /* SceneDelegate.swift in Sources */,
				D1F24B7025B6EEF30050724B /* ModelDataHandler.swift in Sources */,
				D1F24B6425B6EE3B0050724B /* GuideViewController.swift in Sources */,
				D166CFC525B9A19400601684 /* PreviewView.swift in Sources */,
				D1F24B6725B6EE5E0050724B /* Guide.swift in Sources */,
				D166CFC225B9A0EC00601684 /* CurvedView.swift in Sources */,
				D1F24B6C25B6EECA0050724B /* ImgCfViewController.swift in Sources */,
				D166CFCD25B9A7D400601684 /* InfoCell.swift in Sources */,
			);
			runOnlyForDeploymentPostprocessing = 0;
		};
/* End PBXSourcesBuildPhase section */

/* Begin PBXVariantGroup section */
		D1F24B3C25B6EC440050724B /* Main.storyboard */ = {
			isa = PBXVariantGroup;
			children = (
				D1F24B3D25B6EC440050724B /* Base */,
			);
			name = Main.storyboard;
			sourceTree = "<group>";
		};
		D1F24B4125B6EC480050724B /* LaunchScreen.storyboard */ = {
			isa = PBXVariantGroup;
			children = (
				D1F24B4225B6EC480050724B /* Base */,
			);
			name = LaunchScreen.storyboard;
			sourceTree = "<group>";
		};
/* End PBXVariantGroup section */

/* Begin XCBuildConfiguration section */
		D1F24B4525B6EC480050724B /* Debug */ = {
			isa = XCBuildConfiguration;
			buildSettings = {
				ALWAYS_SEARCH_USER_PATHS = NO;
				CLANG_ANALYZER_NONNULL = YES;
				CLANG_ANALYZER_NUMBER_OBJECT_CONVERSION = YES_AGGRESSIVE;
				CLANG_CXX_LANGUAGE_STANDARD = "gnu++14";
				CLANG_CXX_LIBRARY = "libc++";
				CLANG_ENABLE_MODULES = YES;
				CLANG_ENABLE_OBJC_ARC = YES;
				CLANG_ENABLE_OBJC_WEAK = YES;
				CLANG_WARN_BLOCK_CAPTURE_AUTORELEASING = YES;
				CLANG_WARN_BOOL_CONVERSION = YES;
				CLANG_WARN_COMMA = YES;
				CLANG_WARN_CONSTANT_CONVERSION = YES;
				CLANG_WARN_DEPRECATED_OBJC_IMPLEMENTATIONS = YES;
				CLANG_WARN_DIRECT_OBJC_ISA_USAGE = YES_ERROR;
				CLANG_WARN_DOCUMENTATION_COMMENTS = YES;
				CLANG_WARN_EMPTY_BODY = YES;
				CLANG_WARN_ENUM_CONVERSION = YES;
				CLANG_WARN_INFINITE_RECURSION = YES;
				CLANG_WARN_INT_CONVERSION = YES;
				CLANG_WARN_NON_LITERAL_NULL_CONVERSION = YES;
				CLANG_WARN_OBJC_IMPLICIT_RETAIN_SELF = YES;
				CLANG_WARN_OBJC_LITERAL_CONVERSION = YES;
				CLANG_WARN_OBJC_ROOT_CLASS = YES_ERROR;
				CLANG_WARN_QUOTED_INCLUDE_IN_FRAMEWORK_HEADER = YES;
				CLANG_WARN_RANGE_LOOP_ANALYSIS = YES;
				CLANG_WARN_STRICT_PROTOTYPES = YES;
				CLANG_WARN_SUSPICIOUS_MOVE = YES;
				CLANG_WARN_UNGUARDED_AVAILABILITY = YES_AGGRESSIVE;
				CLANG_WARN_UNREACHABLE_CODE = YES;
				CLANG_WARN__DUPLICATE_METHOD_MATCH = YES;
				COPY_PHASE_STRIP = NO;
				DEBUG_INFORMATION_FORMAT = dwarf;
				ENABLE_STRICT_OBJC_MSGSEND = YES;
				ENABLE_TESTABILITY = YES;
				GCC_C_LANGUAGE_STANDARD = gnu11;
				GCC_DYNAMIC_NO_PIC = NO;
				GCC_NO_COMMON_BLOCKS = YES;
				GCC_OPTIMIZATION_LEVEL = 0;
				GCC_PREPROCESSOR_DEFINITIONS = (
					"DEBUG=1",
					"$(inherited)",
				);
				GCC_WARN_64_TO_32_BIT_CONVERSION = YES;
				GCC_WARN_ABOUT_RETURN_TYPE = YES_ERROR;
				GCC_WARN_UNDECLARED_SELECTOR = YES;
				GCC_WARN_UNINITIALIZED_AUTOS = YES_AGGRESSIVE;
				GCC_WARN_UNUSED_FUNCTION = YES;
				GCC_WARN_UNUSED_VARIABLE = YES;
				IPHONEOS_DEPLOYMENT_TARGET = 14.2;
				MTL_ENABLE_DEBUG_INFO = INCLUDE_SOURCE;
				MTL_FAST_MATH = YES;
				ONLY_ACTIVE_ARCH = YES;
				SDKROOT = iphoneos;
				SWIFT_ACTIVE_COMPILATION_CONDITIONS = DEBUG;
				SWIFT_OPTIMIZATION_LEVEL = "-Onone";
			};
			name = Debug;
		};
		D1F24B4625B6EC480050724B /* Release */ = {
			isa = XCBuildConfiguration;
			buildSettings = {
				ALWAYS_SEARCH_USER_PATHS = NO;
				CLANG_ANALYZER_NONNULL = YES;
				CLANG_ANALYZER_NUMBER_OBJECT_CONVERSION = YES_AGGRESSIVE;
				CLANG_CXX_LANGUAGE_STANDARD = "gnu++14";
				CLANG_CXX_LIBRARY = "libc++";
				CLANG_ENABLE_MODULES = YES;
				CLANG_ENABLE_OBJC_ARC = YES;
				CLANG_ENABLE_OBJC_WEAK = YES;
				CLANG_WARN_BLOCK_CAPTURE_AUTORELEASING = YES;
				CLANG_WARN_BOOL_CONVERSION = YES;
				CLANG_WARN_COMMA = YES;
				CLANG_WARN_CONSTANT_CONVERSION = YES;
				CLANG_WARN_DEPRECATED_OBJC_IMPLEMENTATIONS = YES;
				CLANG_WARN_DIRECT_OBJC_ISA_USAGE = YES_ERROR;
				CLANG_WARN_DOCUMENTATION_COMMENTS = YES;
				CLANG_WARN_EMPTY_BODY = YES;
				CLANG_WARN_ENUM_CONVERSION = YES;
				CLANG_WARN_INFINITE_RECURSION = YES;
				CLANG_WARN_INT_CONVERSION = YES;
				CLANG_WARN_NON_LITERAL_NULL_CONVERSION = YES;
				CLANG_WARN_OBJC_IMPLICIT_RETAIN_SELF = YES;
				CLANG_WARN_OBJC_LITERAL_CONVERSION = YES;
				CLANG_WARN_OBJC_ROOT_CLASS = YES_ERROR;
				CLANG_WARN_QUOTED_INCLUDE_IN_FRAMEWORK_HEADER = YES;
				CLANG_WARN_RANGE_LOOP_ANALYSIS = YES;
				CLANG_WARN_STRICT_PROTOTYPES = YES;
				CLANG_WARN_SUSPICIOUS_MOVE = YES;
				CLANG_WARN_UNGUARDED_AVAILABILITY = YES_AGGRESSIVE;
				CLANG_WARN_UNREACHABLE_CODE = YES;
				CLANG_WARN__DUPLICATE_METHOD_MATCH = YES;
				COPY_PHASE_STRIP = NO;
				DEBUG_INFORMATION_FORMAT = "dwarf-with-dsym";
				ENABLE_NS_ASSERTIONS = NO;
				ENABLE_STRICT_OBJC_MSGSEND = YES;
				GCC_C_LANGUAGE_STANDARD = gnu11;
				GCC_NO_COMMON_BLOCKS = YES;
				GCC_WARN_64_TO_32_BIT_CONVERSION = YES;
				GCC_WARN_ABOUT_RETURN_TYPE = YES_ERROR;
				GCC_WARN_UNDECLARED_SELECTOR = YES;
				GCC_WARN_UNINITIALIZED_AUTOS = YES_AGGRESSIVE;
				GCC_WARN_UNUSED_FUNCTION = YES;
				GCC_WARN_UNUSED_VARIABLE = YES;
				IPHONEOS_DEPLOYMENT_TARGET = 14.2;
				MTL_ENABLE_DEBUG_INFO = NO;
				MTL_FAST_MATH = YES;
				SDKROOT = iphoneos;
				SWIFT_COMPILATION_MODE = wholemodule;
				SWIFT_OPTIMIZATION_LEVEL = "-O";
				VALIDATE_PRODUCT = YES;
			};
			name = Release;
		};
		D1F24B4825B6EC480050724B /* Debug */ = {
			isa = XCBuildConfiguration;
			baseConfigurationReference = 0D7234974C83B2A02C2F26C9 /* Pods-Guidy.debug.xcconfig */;
			buildSettings = {
				ASSETCATALOG_COMPILER_APPICON_NAME = AppIcon;
				ASSETCATALOG_COMPILER_GLOBAL_ACCENT_COLOR_NAME = AccentColor;
				CODE_SIGN_STYLE = Automatic;
				DEVELOPMENT_TEAM = 6D8SYQ63KK;
				INFOPLIST_FILE = Guidy/Info.plist;
				LD_RUNPATH_SEARCH_PATHS = (
					"$(inherited)",
					"@executable_path/Frameworks",
				);
				PRODUCT_BUNDLE_IDENTIFIER = com.tistory.lsh424.Guidy;
				PRODUCT_NAME = "$(TARGET_NAME)";
				SWIFT_VERSION = 5.0;
				TARGETED_DEVICE_FAMILY = "1,2";
			};
			name = Debug;
		};
		D1F24B4925B6EC480050724B /* Release */ = {
			isa = XCBuildConfiguration;
			baseConfigurationReference = 6003B28DDF23ADDAA4B18B7E /* Pods-Guidy.release.xcconfig */;
			buildSettings = {
				ASSETCATALOG_COMPILER_APPICON_NAME = AppIcon;
				ASSETCATALOG_COMPILER_GLOBAL_ACCENT_COLOR_NAME = AccentColor;
				CODE_SIGN_STYLE = Automatic;
				DEVELOPMENT_TEAM = 6D8SYQ63KK;
				INFOPLIST_FILE = Guidy/Info.plist;
				LD_RUNPATH_SEARCH_PATHS = (
					"$(inherited)",
					"@executable_path/Frameworks",
				);
				PRODUCT_BUNDLE_IDENTIFIER = com.tistory.lsh424.Guidy;
				PRODUCT_NAME = "$(TARGET_NAME)";
				SWIFT_VERSION = 5.0;
				TARGETED_DEVICE_FAMILY = "1,2";
			};
			name = Release;
		};
/* End XCBuildConfiguration section */

/* Begin XCConfigurationList section */
		D1F24B2E25B6EC440050724B /* Build configuration list for PBXProject "Guidy" */ = {
			isa = XCConfigurationList;
			buildConfigurations = (
				D1F24B4525B6EC480050724B /* Debug */,
				D1F24B4625B6EC480050724B /* Release */,
			);
			defaultConfigurationIsVisible = 0;
			defaultConfigurationName = Release;
		};
		D1F24B4725B6EC480050724B /* Build configuration list for PBXNativeTarget "Guidy" */ = {
			isa = XCConfigurationList;
			buildConfigurations = (
				D1F24B4825B6EC480050724B /* Debug */,
				D1F24B4925B6EC480050724B /* Release */,
			);
			defaultConfigurationIsVisible = 0;
			defaultConfigurationName = Release;
		};
/* End XCConfigurationList section */
	};
	rootObject = D1F24B2B25B6EC440050724B /* Project object */;
}
