// !$*UTF8*$!
{
	archiveVersion = 1;
	classes = {
	};
	objectVersion = 50;
	objects = {

/* Begin PBXBuildFile section */
		0924B6F60C3DCC8FC483044C /* libPods-Guidy.a in Frameworks */ = {isa = PBXBuildFile; fileRef = DFCE8D10D3EDD14FD948C255 /* libPods-Guidy.a */; };
		D114A9A22472B6A100E17BA4 /* guideData.json in Resources */ = {isa = PBXBuildFile; fileRef = D114A9A12472B6A100E17BA4 /* guideData.json */; };
		D114A9A82472B6AF00E17BA4 /* 강녕전가이드이미지.jpeg in Resources */ = {isa = PBXBuildFile; fileRef = D114A9A32472B6AF00E17BA4 /* 강녕전가이드이미지.jpeg */; };
		D114A9A92472B6AF00E17BA4 /* 근정전가이드이미지.jpg in Resources */ = {isa = PBXBuildFile; fileRef = D114A9A42472B6AF00E17BA4 /* 근정전가이드이미지.jpg */; };
		D114A9AA2472B6AF00E17BA4 /* 근정전오디오가이드.mp3 in Resources */ = {isa = PBXBuildFile; fileRef = D114A9A52472B6AF00E17BA4 /* 근정전오디오가이드.mp3 */; };
		D114A9AB2472B6AF00E17BA4 /* 광화문가이드이미지.jpg in Resources */ = {isa = PBXBuildFile; fileRef = D114A9A62472B6AF00E17BA4 /* 광화문가이드이미지.jpg */; };
		D114A9AC2472B6AF00E17BA4 /* 경회루가이드이미지.jpg in Resources */ = {isa = PBXBuildFile; fileRef = D114A9A72472B6AF00E17BA4 /* 경회루가이드이미지.jpg */; };
		D114A9B02472B6C800E17BA4 /* 강녕전오디오가이드.mp3 in Resources */ = {isa = PBXBuildFile; fileRef = D114A9AD2472B6C700E17BA4 /* 강녕전오디오가이드.mp3 */; };
		D114A9B12472B6C800E17BA4 /* 경회루오디오가이드.mp3 in Resources */ = {isa = PBXBuildFile; fileRef = D114A9AE2472B6C800E17BA4 /* 경회루오디오가이드.mp3 */; };
		D114A9B22472B6C800E17BA4 /* 광화문오디오가이드.mp3 in Resources */ = {isa = PBXBuildFile; fileRef = D114A9AF2472B6C800E17BA4 /* 광화문오디오가이드.mp3 */; };
		D11735C52485140100216420 /* EditingViewController.swift in Sources */ = {isa = PBXBuildFile; fileRef = D11735C42485140100216420 /* EditingViewController.swift */; };
		D1537C5A246ABE4A004A6BEF /* AppDelegate.swift in Sources */ = {isa = PBXBuildFile; fileRef = D1537C59246ABE4A004A6BEF /* AppDelegate.swift */; };
		D1537C5C246ABE4A004A6BEF /* SceneDelegate.swift in Sources */ = {isa = PBXBuildFile; fileRef = D1537C5B246ABE4A004A6BEF /* SceneDelegate.swift */; };
		D1537C5E246ABE4A004A6BEF /* ViewController.swift in Sources */ = {isa = PBXBuildFile; fileRef = D1537C5D246ABE4A004A6BEF /* ViewController.swift */; };
		D1537C64246ABE4A004A6BEF /* Guidy.xcdatamodeld in Sources */ = {isa = PBXBuildFile; fileRef = D1537C62246ABE4A004A6BEF /* Guidy.xcdatamodeld */; };
		D1537C66246ABE4F004A6BEF /* Assets.xcassets in Resources */ = {isa = PBXBuildFile; fileRef = D1537C65246ABE4F004A6BEF /* Assets.xcassets */; };
		D1537C74246D2878004A6BEF /* NetworkManager.swift in Sources */ = {isa = PBXBuildFile; fileRef = D1537C73246D2878004A6BEF /* NetworkManager.swift */; };
		D1537C77246D2899004A6BEF /* Img_loca.swift in Sources */ = {isa = PBXBuildFile; fileRef = D1537C76246D2899004A6BEF /* Img_loca.swift */; };
		D1537C79246D289E004A6BEF /* Response.swift in Sources */ = {isa = PBXBuildFile; fileRef = D1537C78246D289E004A6BEF /* Response.swift */; };
		D1537C82246D28C6004A6BEF /* UIImage.swift in Sources */ = {isa = PBXBuildFile; fileRef = D1537C7B246D28C6004A6BEF /* UIImage.swift */; };
		D1537C83246D28C6004A6BEF /* UIView.swift in Sources */ = {isa = PBXBuildFile; fileRef = D1537C7C246D28C6004A6BEF /* UIView.swift */; };
		D1537C84246D28C6004A6BEF /* CGImagePropertyOrientation.swift in Sources */ = {isa = PBXBuildFile; fileRef = D1537C7D246D28C6004A6BEF /* CGImagePropertyOrientation.swift */; };
		D1537C86246D28C6004A6BEF /* SCNVector3+Extensions.swift in Sources */ = {isa = PBXBuildFile; fileRef = D1537C7F246D28C6004A6BEF /* SCNVector3+Extensions.swift */; };
		D1537C87246D28C6004A6BEF /* UIImageView.swift in Sources */ = {isa = PBXBuildFile; fileRef = D1537C80246D28C6004A6BEF /* UIImageView.swift */; };
		D1537C88246D28C6004A6BEF /* Float4x4+Extensions.swift in Sources */ = {isa = PBXBuildFile; fileRef = D1537C81246D28C6004A6BEF /* Float4x4+Extensions.swift */; };
		D186C9DA2488126A00B181B7 /* converted_model4.tflite in Resources */ = {isa = PBXBuildFile; fileRef = D186C9D92488126A00B181B7 /* converted_model4.tflite */; };
		D1ECC6C524767D600047A069 /* DrawingViewController.swift in Sources */ = {isa = PBXBuildFile; fileRef = D1ECC6C424767D600047A069 /* DrawingViewController.swift */; };
		D1ECC6CC24767D890047A069 /* SearchARViewController.swift in Sources */ = {isa = PBXBuildFile; fileRef = D1ECC6C624767D880047A069 /* SearchARViewController.swift */; };
		D1ECC6CD24767D890047A069 /* ImageViewerController.swift in Sources */ = {isa = PBXBuildFile; fileRef = D1ECC6C724767D880047A069 /* ImageViewerController.swift */; };
		D1ECC6CE24767D890047A069 /* RoundButton.swift in Sources */ = {isa = PBXBuildFile; fileRef = D1ECC6C824767D890047A069 /* RoundButton.swift */; };
		D1ECC6CF24767D890047A069 /* Utilities.swift in Sources */ = {isa = PBXBuildFile; fileRef = D1ECC6C924767D890047A069 /* Utilities.swift */; };
		D1ECC6D024767D890047A069 /* StrokeAnchor.swift in Sources */ = {isa = PBXBuildFile; fileRef = D1ECC6CA24767D890047A069 /* StrokeAnchor.swift */; };
		D1ECC6D124767D890047A069 /* SphereNodes.swift in Sources */ = {isa = PBXBuildFile; fileRef = D1ECC6CB24767D890047A069 /* SphereNodes.swift */; };
		D1ECC6F2247687150047A069 /* Main.storyboard in Resources */ = {isa = PBXBuildFile; fileRef = D1ECC6F1247687150047A069 /* Main.storyboard */; };
		D1ECC70C247687670047A069 /* GuideVO.swift in Sources */ = {isa = PBXBuildFile; fileRef = D1ECC700247687670047A069 /* GuideVO.swift */; };
		D1ECC70D247687670047A069 /* ModelDataHandler.swift in Sources */ = {isa = PBXBuildFile; fileRef = D1ECC702247687670047A069 /* ModelDataHandler.swift */; };
		D1ECC70E247687670047A069 /* ImgCfViewController.swift in Sources */ = {isa = PBXBuildFile; fileRef = D1ECC703247687670047A069 /* ImgCfViewController.swift */; };
		D1ECC70F247687670047A069 /* CVPixelBufferExtension.swift in Sources */ = {isa = PBXBuildFile; fileRef = D1ECC704247687670047A069 /* CVPixelBufferExtension.swift */; };
		D1ECC710247687670047A069 /* labels.txt in Resources */ = {isa = PBXBuildFile; fileRef = D1ECC706247687670047A069 /* labels.txt */; };
		D1ECC712247687670047A069 /* GuideViewController.swift in Sources */ = {isa = PBXBuildFile; fileRef = D1ECC708247687670047A069 /* GuideViewController.swift */; };
		D1ECC713247687670047A069 /* PreviewView.swift in Sources */ = {isa = PBXBuildFile; fileRef = D1ECC70A247687670047A069 /* PreviewView.swift */; };
		D1ECC714247687670047A069 /* CameraFeedManager.swift in Sources */ = {isa = PBXBuildFile; fileRef = D1ECC70B247687670047A069 /* CameraFeedManager.swift */; };
		D1ECC716247687BC0047A069 /* LaunchScreen.storyboard in Resources */ = {isa = PBXBuildFile; fileRef = D1ECC715247687BC0047A069 /* LaunchScreen.storyboard */; };
/* End PBXBuildFile section */

/* Begin PBXFileReference section */
		333A7BA8231BB7F7B2155195 /* Pods-Guidy.debug.xcconfig */ = {isa = PBXFileReference; includeInIndex = 1; lastKnownFileType = text.xcconfig; name = "Pods-Guidy.debug.xcconfig"; path = "Target Support Files/Pods-Guidy/Pods-Guidy.debug.xcconfig"; sourceTree = "<group>"; };
		6CE13D69F5BA78360081F886 /* Pods-Guidy.release.xcconfig */ = {isa = PBXFileReference; includeInIndex = 1; lastKnownFileType = text.xcconfig; name = "Pods-Guidy.release.xcconfig"; path = "Target Support Files/Pods-Guidy/Pods-Guidy.release.xcconfig"; sourceTree = "<group>"; };
		D114A9A12472B6A100E17BA4 /* guideData.json */ = {isa = PBXFileReference; fileEncoding = 4; lastKnownFileType = text.json; path = guideData.json; sourceTree = "<group>"; };
		D114A9A32472B6AF00E17BA4 /* 강녕전가이드이미지.jpeg */ = {isa = PBXFileReference; lastKnownFileType = image.jpeg; path = "강녕전가이드이미지.jpeg"; sourceTree = "<group>"; };
		D114A9A42472B6AF00E17BA4 /* 근정전가이드이미지.jpg */ = {isa = PBXFileReference; lastKnownFileType = image.jpeg; path = "근정전가이드이미지.jpg"; sourceTree = "<group>"; };
		D114A9A52472B6AF00E17BA4 /* 근정전오디오가이드.mp3 */ = {isa = PBXFileReference; lastKnownFileType = audio.mp3; path = "근정전오디오가이드.mp3"; sourceTree = "<group>"; };
		D114A9A62472B6AF00E17BA4 /* 광화문가이드이미지.jpg */ = {isa = PBXFileReference; lastKnownFileType = image.jpeg; path = "광화문가이드이미지.jpg"; sourceTree = "<group>"; };
		D114A9A72472B6AF00E17BA4 /* 경회루가이드이미지.jpg */ = {isa = PBXFileReference; lastKnownFileType = image.jpeg; path = "경회루가이드이미지.jpg"; sourceTree = "<group>"; };
		D114A9AD2472B6C700E17BA4 /* 강녕전오디오가이드.mp3 */ = {isa = PBXFileReference; lastKnownFileType = audio.mp3; path = "강녕전오디오가이드.mp3"; sourceTree = "<group>"; };
		D114A9AE2472B6C800E17BA4 /* 경회루오디오가이드.mp3 */ = {isa = PBXFileReference; lastKnownFileType = audio.mp3; path = "경회루오디오가이드.mp3"; sourceTree = "<group>"; };
		D114A9AF2472B6C800E17BA4 /* 광화문오디오가이드.mp3 */ = {isa = PBXFileReference; lastKnownFileType = audio.mp3; path = "광화문오디오가이드.mp3"; sourceTree = "<group>"; };
		D11735C42485140100216420 /* EditingViewController.swift */ = {isa = PBXFileReference; lastKnownFileType = sourcecode.swift; path = EditingViewController.swift; sourceTree = "<group>"; };
		D1537C56246ABE4A004A6BEF /* Guidy.app */ = {isa = PBXFileReference; explicitFileType = wrapper.application; includeInIndex = 0; path = Guidy.app; sourceTree = BUILT_PRODUCTS_DIR; };
		D1537C59246ABE4A004A6BEF /* AppDelegate.swift */ = {isa = PBXFileReference; lastKnownFileType = sourcecode.swift; path = AppDelegate.swift; sourceTree = "<group>"; };
		D1537C5B246ABE4A004A6BEF /* SceneDelegate.swift */ = {isa = PBXFileReference; lastKnownFileType = sourcecode.swift; path = SceneDelegate.swift; sourceTree = "<group>"; };
		D1537C5D246ABE4A004A6BEF /* ViewController.swift */ = {isa = PBXFileReference; lastKnownFileType = sourcecode.swift; path = ViewController.swift; sourceTree = "<group>"; };
		D1537C63246ABE4A004A6BEF /* Guidy.xcdatamodel */ = {isa = PBXFileReference; lastKnownFileType = wrapper.xcdatamodel; path = Guidy.xcdatamodel; sourceTree = "<group>"; };
		D1537C65246ABE4F004A6BEF /* Assets.xcassets */ = {isa = PBXFileReference; lastKnownFileType = folder.assetcatalog; path = Assets.xcassets; sourceTree = "<group>"; };
		D1537C6A246ABE4F004A6BEF /* Info.plist */ = {isa = PBXFileReference; lastKnownFileType = text.plist.xml; path = Info.plist; sourceTree = "<group>"; };
		D1537C73246D2878004A6BEF /* NetworkManager.swift */ = {isa = PBXFileReference; fileEncoding = 4; lastKnownFileType = sourcecode.swift; path = NetworkManager.swift; sourceTree = "<group>"; };
		D1537C76246D2899004A6BEF /* Img_loca.swift */ = {isa = PBXFileReference; fileEncoding = 4; lastKnownFileType = sourcecode.swift; path = Img_loca.swift; sourceTree = "<group>"; };
		D1537C78246D289E004A6BEF /* Response.swift */ = {isa = PBXFileReference; fileEncoding = 4; lastKnownFileType = sourcecode.swift; path = Response.swift; sourceTree = "<group>"; };
		D1537C7B246D28C6004A6BEF /* UIImage.swift */ = {isa = PBXFileReference; fileEncoding = 4; lastKnownFileType = sourcecode.swift; path = UIImage.swift; sourceTree = "<group>"; };
		D1537C7C246D28C6004A6BEF /* UIView.swift */ = {isa = PBXFileReference; fileEncoding = 4; lastKnownFileType = sourcecode.swift; path = UIView.swift; sourceTree = "<group>"; };
		D1537C7D246D28C6004A6BEF /* CGImagePropertyOrientation.swift */ = {isa = PBXFileReference; fileEncoding = 4; lastKnownFileType = sourcecode.swift; path = CGImagePropertyOrientation.swift; sourceTree = "<group>"; };
		D1537C7F246D28C6004A6BEF /* SCNVector3+Extensions.swift */ = {isa = PBXFileReference; fileEncoding = 4; lastKnownFileType = sourcecode.swift; path = "SCNVector3+Extensions.swift"; sourceTree = "<group>"; };
		D1537C80246D28C6004A6BEF /* UIImageView.swift */ = {isa = PBXFileReference; fileEncoding = 4; lastKnownFileType = sourcecode.swift; path = UIImageView.swift; sourceTree = "<group>"; };
		D1537C81246D28C6004A6BEF /* Float4x4+Extensions.swift */ = {isa = PBXFileReference; fileEncoding = 4; lastKnownFileType = sourcecode.swift; path = "Float4x4+Extensions.swift"; sourceTree = "<group>"; };
		D186C9D92488126A00B181B7 /* converted_model4.tflite */ = {isa = PBXFileReference; lastKnownFileType = file; path = converted_model4.tflite; sourceTree = "<group>"; };
		D1ECC6C424767D600047A069 /* DrawingViewController.swift */ = {isa = PBXFileReference; fileEncoding = 4; lastKnownFileType = sourcecode.swift; path = DrawingViewController.swift; sourceTree = "<group>"; };
		D1ECC6C624767D880047A069 /* SearchARViewController.swift */ = {isa = PBXFileReference; fileEncoding = 4; lastKnownFileType = sourcecode.swift; path = SearchARViewController.swift; sourceTree = "<group>"; };
		D1ECC6C724767D880047A069 /* ImageViewerController.swift */ = {isa = PBXFileReference; fileEncoding = 4; lastKnownFileType = sourcecode.swift; path = ImageViewerController.swift; sourceTree = "<group>"; };
		D1ECC6C824767D890047A069 /* RoundButton.swift */ = {isa = PBXFileReference; fileEncoding = 4; lastKnownFileType = sourcecode.swift; path = RoundButton.swift; sourceTree = "<group>"; };
		D1ECC6C924767D890047A069 /* Utilities.swift */ = {isa = PBXFileReference; fileEncoding = 4; lastKnownFileType = sourcecode.swift; path = Utilities.swift; sourceTree = "<group>"; };
		D1ECC6CA24767D890047A069 /* StrokeAnchor.swift */ = {isa = PBXFileReference; fileEncoding = 4; lastKnownFileType = sourcecode.swift; path = StrokeAnchor.swift; sourceTree = "<group>"; };
		D1ECC6CB24767D890047A069 /* SphereNodes.swift */ = {isa = PBXFileReference; fileEncoding = 4; lastKnownFileType = sourcecode.swift; path = SphereNodes.swift; sourceTree = "<group>"; };
		D1ECC6F1247687150047A069 /* Main.storyboard */ = {isa = PBXFileReference; fileEncoding = 4; lastKnownFileType = file.storyboard; path = Main.storyboard; sourceTree = "<group>"; };
		D1ECC700247687670047A069 /* GuideVO.swift */ = {isa = PBXFileReference; fileEncoding = 4; lastKnownFileType = sourcecode.swift; path = GuideVO.swift; sourceTree = "<group>"; };
		D1ECC702247687670047A069 /* ModelDataHandler.swift */ = {isa = PBXFileReference; fileEncoding = 4; lastKnownFileType = sourcecode.swift; path = ModelDataHandler.swift; sourceTree = "<group>"; };
		D1ECC703247687670047A069 /* ImgCfViewController.swift */ = {isa = PBXFileReference; fileEncoding = 4; lastKnownFileType = sourcecode.swift; path = ImgCfViewController.swift; sourceTree = "<group>"; };
		D1ECC704247687670047A069 /* CVPixelBufferExtension.swift */ = {isa = PBXFileReference; fileEncoding = 4; lastKnownFileType = sourcecode.swift; path = CVPixelBufferExtension.swift; sourceTree = "<group>"; };
		D1ECC706247687670047A069 /* labels.txt */ = {isa = PBXFileReference; fileEncoding = 4; lastKnownFileType = text; path = labels.txt; sourceTree = "<group>"; };
		D1ECC708247687670047A069 /* GuideViewController.swift */ = {isa = PBXFileReference; fileEncoding = 4; lastKnownFileType = sourcecode.swift; path = GuideViewController.swift; sourceTree = "<group>"; };
		D1ECC70A247687670047A069 /* PreviewView.swift */ = {isa = PBXFileReference; fileEncoding = 4; lastKnownFileType = sourcecode.swift; path = PreviewView.swift; sourceTree = "<group>"; };
		D1ECC70B247687670047A069 /* CameraFeedManager.swift */ = {isa = PBXFileReference; fileEncoding = 4; lastKnownFileType = sourcecode.swift; path = CameraFeedManager.swift; sourceTree = "<group>"; };
		D1ECC715247687BC0047A069 /* LaunchScreen.storyboard */ = {isa = PBXFileReference; lastKnownFileType = file.storyboard; path = LaunchScreen.storyboard; sourceTree = "<group>"; };
		DFCE8D10D3EDD14FD948C255 /* libPods-Guidy.a */ = {isa = PBXFileReference; explicitFileType = archive.ar; includeInIndex = 0; path = "libPods-Guidy.a"; sourceTree = BUILT_PRODUCTS_DIR; };
/* End PBXFileReference section */

/* Begin PBXFrameworksBuildPhase section */
		D1537C53246ABE4A004A6BEF /* Frameworks */ = {
			isa = PBXFrameworksBuildPhase;
			buildActionMask = 2147483647;
			files = (
				0924B6F60C3DCC8FC483044C /* libPods-Guidy.a in Frameworks */,
			);
			runOnlyForDeploymentPostprocessing = 0;
		};
/* End PBXFrameworksBuildPhase section */

/* Begin PBXGroup section */
		6FFA3D3375122A8CE6931FC4 /* Frameworks */ = {
			isa = PBXGroup;
			children = (
				DFCE8D10D3EDD14FD948C255 /* libPods-Guidy.a */,
			);
			name = Frameworks;
			sourceTree = "<group>";
		};
		D114A9A02472B69400E17BA4 /* GuideData */ = {
			isa = PBXGroup;
			children = (
				D114A9A12472B6A100E17BA4 /* guideData.json */,
				D114A9A32472B6AF00E17BA4 /* 강녕전가이드이미지.jpeg */,
				D114A9A72472B6AF00E17BA4 /* 경회루가이드이미지.jpg */,
				D114A9A62472B6AF00E17BA4 /* 광화문가이드이미지.jpg */,
				D114A9A42472B6AF00E17BA4 /* 근정전가이드이미지.jpg */,
				D114A9A52472B6AF00E17BA4 /* 근정전오디오가이드.mp3 */,
				D114A9AD2472B6C700E17BA4 /* 강녕전오디오가이드.mp3 */,
				D114A9AE2472B6C800E17BA4 /* 경회루오디오가이드.mp3 */,
				D114A9AF2472B6C800E17BA4 /* 광화문오디오가이드.mp3 */,
			);
			path = GuideData;
			sourceTree = "<group>";
		};
		D1537C4D246ABE4A004A6BEF = {
			isa = PBXGroup;
			children = (
				D1537C58246ABE4A004A6BEF /* Guidy */,
				D1537C57246ABE4A004A6BEF /* Products */,
				ED7F8F0BEFAC5BB59F0009E7 /* Pods */,
				6FFA3D3375122A8CE6931FC4 /* Frameworks */,
			);
			sourceTree = "<group>";
		};
		D1537C57246ABE4A004A6BEF /* Products */ = {
			isa = PBXGroup;
			children = (
				D1537C56246ABE4A004A6BEF /* Guidy.app */,
			);
			name = Products;
			sourceTree = "<group>";
		};
		D1537C58246ABE4A004A6BEF /* Guidy */ = {
			isa = PBXGroup;
			children = (
				D1537C59246ABE4A004A6BEF /* AppDelegate.swift */,
				D1537C5B246ABE4A004A6BEF /* SceneDelegate.swift */,
				D1537C5D246ABE4A004A6BEF /* ViewController.swift */,
				D1537C72246D2862004A6BEF /* Network */,
				D1537C7A246D28B7004A6BEF /* Extensions */,
				D1ECC6C324767D530047A069 /* AR Drawing */,
				D1ECC6FF247687670047A069 /* ImgClassification */,
				D114A9A02472B69400E17BA4 /* GuideData */,
				D1ECC6F0247686E80047A069 /* Storyboards */,
				D1537C65246ABE4F004A6BEF /* Assets.xcassets */,
				D1537C6A246ABE4F004A6BEF /* Info.plist */,
				D1537C62246ABE4A004A6BEF /* Guidy.xcdatamodeld */,
			);
			path = Guidy;
			sourceTree = "<group>";
		};
		D1537C72246D2862004A6BEF /* Network */ = {
			isa = PBXGroup;
			children = (
				D1537C73246D2878004A6BEF /* NetworkManager.swift */,
				D1537C75246D288A004A6BEF /* Model */,
			);
			path = Network;
			sourceTree = "<group>";
		};
		D1537C75246D288A004A6BEF /* Model */ = {
			isa = PBXGroup;
			children = (
				D1537C76246D2899004A6BEF /* Img_loca.swift */,
				D1537C78246D289E004A6BEF /* Response.swift */,
			);
			path = Model;
			sourceTree = "<group>";
		};
		D1537C7A246D28B7004A6BEF /* Extensions */ = {
			isa = PBXGroup;
			children = (
				D1537C7F246D28C6004A6BEF /* SCNVector3+Extensions.swift */,
				D1537C81246D28C6004A6BEF /* Float4x4+Extensions.swift */,
				D1537C7D246D28C6004A6BEF /* CGImagePropertyOrientation.swift */,
				D1537C7C246D28C6004A6BEF /* UIView.swift */,
				D1537C7B246D28C6004A6BEF /* UIImage.swift */,
				D1537C80246D28C6004A6BEF /* UIImageView.swift */,
			);
			path = Extensions;
			sourceTree = "<group>";
		};
		D1ECC6C324767D530047A069 /* AR Drawing */ = {
			isa = PBXGroup;
			children = (
				D1ECC6C424767D600047A069 /* DrawingViewController.swift */,
				D11735C42485140100216420 /* EditingViewController.swift */,
				D1ECC6C624767D880047A069 /* SearchARViewController.swift */,
				D1ECC6C724767D880047A069 /* ImageViewerController.swift */,
				D1ECC6CB24767D890047A069 /* SphereNodes.swift */,
				D1ECC6CA24767D890047A069 /* StrokeAnchor.swift */,
				D1ECC6C924767D890047A069 /* Utilities.swift */,
				D1ECC6C824767D890047A069 /* RoundButton.swift */,
			);
			path = "AR Drawing";
			sourceTree = "<group>";
		};
		D1ECC6F0247686E80047A069 /* Storyboards */ = {
			isa = PBXGroup;
			children = (
				D1ECC6F1247687150047A069 /* Main.storyboard */,
				D1ECC715247687BC0047A069 /* LaunchScreen.storyboard */,
			);
			path = Storyboards;
			sourceTree = "<group>";
		};
		D1ECC6FF247687670047A069 /* ImgClassification */ = {
			isa = PBXGroup;
			children = (
				D1ECC708247687670047A069 /* GuideViewController.swift */,
				D1ECC700247687670047A069 /* GuideVO.swift */,
				D1ECC703247687670047A069 /* ImgCfViewController.swift */,
				D1ECC704247687670047A069 /* CVPixelBufferExtension.swift */,
				D1ECC701247687670047A069 /* ModelDataHandler */,
				D1ECC705247687670047A069 /* CNN */,
				D1ECC709247687670047A069 /* Camera Feed */,
			);
			path = ImgClassification;
			sourceTree = "<group>";
		};
		D1ECC701247687670047A069 /* ModelDataHandler */ = {
			isa = PBXGroup;
			children = (
				D1ECC702247687670047A069 /* ModelDataHandler.swift */,
			);
			path = ModelDataHandler;
			sourceTree = "<group>";
		};
		D1ECC705247687670047A069 /* CNN */ = {
			isa = PBXGroup;
			children = (
				D186C9D92488126A00B181B7 /* converted_model4.tflite */,
				D1ECC706247687670047A069 /* labels.txt */,
			);
			path = CNN;
			sourceTree = "<group>";
		};
		D1ECC709247687670047A069 /* Camera Feed */ = {
			isa = PBXGroup;
			children = (
				D1ECC70A247687670047A069 /* PreviewView.swift */,
				D1ECC70B247687670047A069 /* CameraFeedManager.swift */,
			);
			path = "Camera Feed";
			sourceTree = "<group>";
		};
		ED7F8F0BEFAC5BB59F0009E7 /* Pods */ = {
			isa = PBXGroup;
			children = (
				333A7BA8231BB7F7B2155195 /* Pods-Guidy.debug.xcconfig */,
				6CE13D69F5BA78360081F886 /* Pods-Guidy.release.xcconfig */,
			);
			path = Pods;
			sourceTree = "<group>";
		};
/* End PBXGroup section */

/* Begin PBXNativeTarget section */
		D1537C55246ABE4A004A6BEF /* Guidy */ = {
			isa = PBXNativeTarget;
			buildConfigurationList = D1537C6D246ABE4F004A6BEF /* Build configuration list for PBXNativeTarget "Guidy" */;
			buildPhases = (
				927F4BA24A79AECD002E43DA /* [CP] Check Pods Manifest.lock */,
				D1537C52246ABE4A004A6BEF /* Sources */,
				D1537C53246ABE4A004A6BEF /* Frameworks */,
				D1537C54246ABE4A004A6BEF /* Resources */,
			);
			buildRules = (
			);
			dependencies = (
			);
			name = Guidy;
			productName = Guidy;
			productReference = D1537C56246ABE4A004A6BEF /* Guidy.app */;
			productType = "com.apple.product-type.application";
		};
/* End PBXNativeTarget section */

/* Begin PBXProject section */
		D1537C4E246ABE4A004A6BEF /* Project object */ = {
			isa = PBXProject;
			attributes = {
				LastSwiftUpdateCheck = 1130;
				LastUpgradeCheck = 1130;
				ORGANIZATIONNAME = "seunghwan Lee";
				TargetAttributes = {
					D1537C55246ABE4A004A6BEF = {
						CreatedOnToolsVersion = 11.3.1;
					};
				};
			};
			buildConfigurationList = D1537C51246ABE4A004A6BEF /* Build configuration list for PBXProject "Guidy" */;
			compatibilityVersion = "Xcode 9.3";
			developmentRegion = en;
			hasScannedForEncodings = 0;
			knownRegions = (
				en,
				Base,
			);
			mainGroup = D1537C4D246ABE4A004A6BEF;
			productRefGroup = D1537C57246ABE4A004A6BEF /* Products */;
			projectDirPath = "";
			projectRoot = "";
			targets = (
				D1537C55246ABE4A004A6BEF /* Guidy */,
			);
		};
/* End PBXProject section */

/* Begin PBXResourcesBuildPhase section */
		D1537C54246ABE4A004A6BEF /* Resources */ = {
			isa = PBXResourcesBuildPhase;
			buildActionMask = 2147483647;
			files = (
				D114A9B02472B6C800E17BA4 /* 강녕전오디오가이드.mp3 in Resources */,
				D114A9A82472B6AF00E17BA4 /* 강녕전가이드이미지.jpeg in Resources */,
				D114A9B12472B6C800E17BA4 /* 경회루오디오가이드.mp3 in Resources */,
				D114A9AA2472B6AF00E17BA4 /* 근정전오디오가이드.mp3 in Resources */,
				D114A9AB2472B6AF00E17BA4 /* 광화문가이드이미지.jpg in Resources */,
				D1ECC6F2247687150047A069 /* Main.storyboard in Resources */,
				D1537C66246ABE4F004A6BEF /* Assets.xcassets in Resources */,
				D1ECC710247687670047A069 /* labels.txt in Resources */,
				D114A9A22472B6A100E17BA4 /* guideData.json in Resources */,
				D114A9AC2472B6AF00E17BA4 /* 경회루가이드이미지.jpg in Resources */,
				D1ECC716247687BC0047A069 /* LaunchScreen.storyboard in Resources */,
				D186C9DA2488126A00B181B7 /* converted_model4.tflite in Resources */,
				D114A9A92472B6AF00E17BA4 /* 근정전가이드이미지.jpg in Resources */,
				D114A9B22472B6C800E17BA4 /* 광화문오디오가이드.mp3 in Resources */,
			);
			runOnlyForDeploymentPostprocessing = 0;
		};
/* End PBXResourcesBuildPhase section */

/* Begin PBXShellScriptBuildPhase section */
		927F4BA24A79AECD002E43DA /* [CP] Check Pods Manifest.lock */ = {
			isa = PBXShellScriptBuildPhase;
			buildActionMask = 2147483647;
			files = (
			);
			inputFileListPaths = (
			);
			inputPaths = (
				"${PODS_PODFILE_DIR_PATH}/Podfile.lock",
				"${PODS_ROOT}/Manifest.lock",
			);
			name = "[CP] Check Pods Manifest.lock";
			outputFileListPaths = (
			);
			outputPaths = (
				"$(DERIVED_FILE_DIR)/Pods-Guidy-checkManifestLockResult.txt",
			);
			runOnlyForDeploymentPostprocessing = 0;
			shellPath = /bin/sh;
			shellScript = "diff \"${PODS_PODFILE_DIR_PATH}/Podfile.lock\" \"${PODS_ROOT}/Manifest.lock\" > /dev/null\nif [ $? != 0 ] ; then\n    # print error to STDERR\n    echo \"error: The sandbox is not in sync with the Podfile.lock. Run 'pod install' or update your CocoaPods installation.\" >&2\n    exit 1\nfi\n# This output is used by Xcode 'outputs' to avoid re-running this script phase.\necho \"SUCCESS\" > \"${SCRIPT_OUTPUT_FILE_0}\"\n";
			showEnvVarsInLog = 0;
		};
/* End PBXShellScriptBuildPhase section */

/* Begin PBXSourcesBuildPhase section */
		D1537C52246ABE4A004A6BEF /* Sources */ = {
			isa = PBXSourcesBuildPhase;
			buildActionMask = 2147483647;
			files = (
				D1ECC70C247687670047A069 /* GuideVO.swift in Sources */,
				D1ECC6D024767D890047A069 /* StrokeAnchor.swift in Sources */,
				D1ECC6CE24767D890047A069 /* RoundButton.swift in Sources */,
				D1537C64246ABE4A004A6BEF /* Guidy.xcdatamodeld in Sources */,
				D1ECC6D124767D890047A069 /* SphereNodes.swift in Sources */,
				D1537C82246D28C6004A6BEF /* UIImage.swift in Sources */,
				D1537C5E246ABE4A004A6BEF /* ViewController.swift in Sources */,
				D1537C88246D28C6004A6BEF /* Float4x4+Extensions.swift in Sources */,
				D1537C87246D28C6004A6BEF /* UIImageView.swift in Sources */,
				D1537C74246D2878004A6BEF /* NetworkManager.swift in Sources */,
				D1ECC6C524767D600047A069 /* DrawingViewController.swift in Sources */,
				D1537C5A246ABE4A004A6BEF /* AppDelegate.swift in Sources */,
				D1ECC70E247687670047A069 /* ImgCfViewController.swift in Sources */,
				D1ECC713247687670047A069 /* PreviewView.swift in Sources */,
				D1ECC712247687670047A069 /* GuideViewController.swift in Sources */,
				D1ECC70D247687670047A069 /* ModelDataHandler.swift in Sources */,
				D1ECC714247687670047A069 /* CameraFeedManager.swift in Sources */,
				D11735C52485140100216420 /* EditingViewController.swift in Sources */,
				D1537C77246D2899004A6BEF /* Img_loca.swift in Sources */,
				D1ECC6CC24767D890047A069 /* SearchARViewController.swift in Sources */,
				D1537C86246D28C6004A6BEF /* SCNVector3+Extensions.swift in Sources */,
				D1ECC70F247687670047A069 /* CVPixelBufferExtension.swift in Sources */,
				D1537C84246D28C6004A6BEF /* CGImagePropertyOrientation.swift in Sources */,
				D1ECC6CF24767D890047A069 /* Utilities.swift in Sources */,
				D1537C5C246ABE4A004A6BEF /* SceneDelegate.swift in Sources */,
				D1ECC6CD24767D890047A069 /* ImageViewerController.swift in Sources */,
				D1537C83246D28C6004A6BEF /* UIView.swift in Sources */,
				D1537C79246D289E004A6BEF /* Response.swift in Sources */,
			);
			runOnlyForDeploymentPostprocessing = 0;
		};
/* End PBXSourcesBuildPhase section */

/* Begin XCBuildConfiguration section */
		D1537C6B246ABE4F004A6BEF /* Debug */ = {
			isa = XCBuildConfiguration;
			buildSettings = {
				ALWAYS_SEARCH_USER_PATHS = NO;
				CLANG_ANALYZER_NONNULL = YES;
				CLANG_ANALYZER_NUMBER_OBJECT_CONVERSION = YES_AGGRESSIVE;
				CLANG_CXX_LANGUAGE_STANDARD = "gnu++14";
				CLANG_CXX_LIBRARY = "libc++";
				CLANG_ENABLE_MODULES = YES;
				CLANG_ENABLE_OBJC_ARC = YES;
				CLANG_ENABLE_OBJC_WEAK = YES;
				CLANG_WARN_BLOCK_CAPTURE_AUTORELEASING = YES;
				CLANG_WARN_BOOL_CONVERSION = YES;
				CLANG_WARN_COMMA = YES;
				CLANG_WARN_CONSTANT_CONVERSION = YES;
				CLANG_WARN_DEPRECATED_OBJC_IMPLEMENTATIONS = YES;
				CLANG_WARN_DIRECT_OBJC_ISA_USAGE = YES_ERROR;
				CLANG_WARN_DOCUMENTATION_COMMENTS = YES;
				CLANG_WARN_EMPTY_BODY = YES;
				CLANG_WARN_ENUM_CONVERSION = YES;
				CLANG_WARN_INFINITE_RECURSION = YES;
				CLANG_WARN_INT_CONVERSION = YES;
				CLANG_WARN_NON_LITERAL_NULL_CONVERSION = YES;
				CLANG_WARN_OBJC_IMPLICIT_RETAIN_SELF = YES;
				CLANG_WARN_OBJC_LITERAL_CONVERSION = YES;
				CLANG_WARN_OBJC_ROOT_CLASS = YES_ERROR;
				CLANG_WARN_RANGE_LOOP_ANALYSIS = YES;
				CLANG_WARN_STRICT_PROTOTYPES = YES;
				CLANG_WARN_SUSPICIOUS_MOVE = YES;
				CLANG_WARN_UNGUARDED_AVAILABILITY = YES_AGGRESSIVE;
				CLANG_WARN_UNREACHABLE_CODE = YES;
				CLANG_WARN__DUPLICATE_METHOD_MATCH = YES;
				COPY_PHASE_STRIP = NO;
				DEBUG_INFORMATION_FORMAT = dwarf;
				ENABLE_STRICT_OBJC_MSGSEND = YES;
				ENABLE_TESTABILITY = YES;
				GCC_C_LANGUAGE_STANDARD = gnu11;
				GCC_DYNAMIC_NO_PIC = NO;
				GCC_NO_COMMON_BLOCKS = YES;
				GCC_OPTIMIZATION_LEVEL = 0;
				GCC_PREPROCESSOR_DEFINITIONS = (
					"DEBUG=1",
					"$(inherited)",
				);
				GCC_WARN_64_TO_32_BIT_CONVERSION = YES;
				GCC_WARN_ABOUT_RETURN_TYPE = YES_ERROR;
				GCC_WARN_UNDECLARED_SELECTOR = YES;
				GCC_WARN_UNINITIALIZED_AUTOS = YES_AGGRESSIVE;
				GCC_WARN_UNUSED_FUNCTION = YES;
				GCC_WARN_UNUSED_VARIABLE = YES;
				IPHONEOS_DEPLOYMENT_TARGET = 13.2;
				MTL_ENABLE_DEBUG_INFO = INCLUDE_SOURCE;
				MTL_FAST_MATH = YES;
				ONLY_ACTIVE_ARCH = YES;
				SDKROOT = iphoneos;
				SWIFT_ACTIVE_COMPILATION_CONDITIONS = DEBUG;
				SWIFT_OPTIMIZATION_LEVEL = "-Onone";
			};
			name = Debug;
		};
		D1537C6C246ABE4F004A6BEF /* Release */ = {
			isa = XCBuildConfiguration;
			buildSettings = {
				ALWAYS_SEARCH_USER_PATHS = NO;
				CLANG_ANALYZER_NONNULL = YES;
				CLANG_ANALYZER_NUMBER_OBJECT_CONVERSION = YES_AGGRESSIVE;
				CLANG_CXX_LANGUAGE_STANDARD = "gnu++14";
				CLANG_CXX_LIBRARY = "libc++";
				CLANG_ENABLE_MODULES = YES;
				CLANG_ENABLE_OBJC_ARC = YES;
				CLANG_ENABLE_OBJC_WEAK = YES;
				CLANG_WARN_BLOCK_CAPTURE_AUTORELEASING = YES;
				CLANG_WARN_BOOL_CONVERSION = YES;
				CLANG_WARN_COMMA = YES;
				CLANG_WARN_CONSTANT_CONVERSION = YES;
				CLANG_WARN_DEPRECATED_OBJC_IMPLEMENTATIONS = YES;
				CLANG_WARN_DIRECT_OBJC_ISA_USAGE = YES_ERROR;
				CLANG_WARN_DOCUMENTATION_COMMENTS = YES;
				CLANG_WARN_EMPTY_BODY = YES;
				CLANG_WARN_ENUM_CONVERSION = YES;
				CLANG_WARN_INFINITE_RECURSION = YES;
				CLANG_WARN_INT_CONVERSION = YES;
				CLANG_WARN_NON_LITERAL_NULL_CONVERSION = YES;
				CLANG_WARN_OBJC_IMPLICIT_RETAIN_SELF = YES;
				CLANG_WARN_OBJC_LITERAL_CONVERSION = YES;
				CLANG_WARN_OBJC_ROOT_CLASS = YES_ERROR;
				CLANG_WARN_RANGE_LOOP_ANALYSIS = YES;
				CLANG_WARN_STRICT_PROTOTYPES = YES;
				CLANG_WARN_SUSPICIOUS_MOVE = YES;
				CLANG_WARN_UNGUARDED_AVAILABILITY = YES_AGGRESSIVE;
				CLANG_WARN_UNREACHABLE_CODE = YES;
				CLANG_WARN__DUPLICATE_METHOD_MATCH = YES;
				COPY_PHASE_STRIP = NO;
				DEBUG_INFORMATION_FORMAT = "dwarf-with-dsym";
				ENABLE_NS_ASSERTIONS = NO;
				ENABLE_STRICT_OBJC_MSGSEND = YES;
				GCC_C_LANGUAGE_STANDARD = gnu11;
				GCC_NO_COMMON_BLOCKS = YES;
				GCC_WARN_64_TO_32_BIT_CONVERSION = YES;
				GCC_WARN_ABOUT_RETURN_TYPE = YES_ERROR;
				GCC_WARN_UNDECLARED_SELECTOR = YES;
				GCC_WARN_UNINITIALIZED_AUTOS = YES_AGGRESSIVE;
				GCC_WARN_UNUSED_FUNCTION = YES;
				GCC_WARN_UNUSED_VARIABLE = YES;
				IPHONEOS_DEPLOYMENT_TARGET = 13.2;
				MTL_ENABLE_DEBUG_INFO = NO;
				MTL_FAST_MATH = YES;
				SDKROOT = iphoneos;
				SWIFT_COMPILATION_MODE = wholemodule;
				SWIFT_OPTIMIZATION_LEVEL = "-O";
				VALIDATE_PRODUCT = YES;
			};
			name = Release;
		};
		D1537C6E246ABE4F004A6BEF /* Debug */ = {
			isa = XCBuildConfiguration;
			baseConfigurationReference = 333A7BA8231BB7F7B2155195 /* Pods-Guidy.debug.xcconfig */;
			buildSettings = {
				ASSETCATALOG_COMPILER_APPICON_NAME = AppIcon;
				CODE_SIGN_STYLE = Automatic;
				DEVELOPMENT_TEAM = 6D8SYQ63KK;
				INFOPLIST_FILE = Guidy/Info.plist;
				LD_RUNPATH_SEARCH_PATHS = (
					"$(inherited)",
					"@executable_path/Frameworks",
				);
				PRODUCT_BUNDLE_IDENTIFIER = LSH.Guidy;
				PRODUCT_NAME = "$(TARGET_NAME)";
				SWIFT_VERSION = 5.0;
				TARGETED_DEVICE_FAMILY = "1,2";
			};
			name = Debug;
		};
		D1537C6F246ABE4F004A6BEF /* Release */ = {
			isa = XCBuildConfiguration;
			baseConfigurationReference = 6CE13D69F5BA78360081F886 /* Pods-Guidy.release.xcconfig */;
			buildSettings = {
				ASSETCATALOG_COMPILER_APPICON_NAME = AppIcon;
				CODE_SIGN_STYLE = Automatic;
				DEVELOPMENT_TEAM = 6D8SYQ63KK;
				INFOPLIST_FILE = Guidy/Info.plist;
				LD_RUNPATH_SEARCH_PATHS = (
					"$(inherited)",
					"@executable_path/Frameworks",
				);
				PRODUCT_BUNDLE_IDENTIFIER = LSH.Guidy;
				PRODUCT_NAME = "$(TARGET_NAME)";
				SWIFT_VERSION = 5.0;
				TARGETED_DEVICE_FAMILY = "1,2";
			};
			name = Release;
		};
/* End XCBuildConfiguration section */

/* Begin XCConfigurationList section */
		D1537C51246ABE4A004A6BEF /* Build configuration list for PBXProject "Guidy" */ = {
			isa = XCConfigurationList;
			buildConfigurations = (
				D1537C6B246ABE4F004A6BEF /* Debug */,
				D1537C6C246ABE4F004A6BEF /* Release */,
			);
			defaultConfigurationIsVisible = 0;
			defaultConfigurationName = Release;
		};
		D1537C6D246ABE4F004A6BEF /* Build configuration list for PBXNativeTarget "Guidy" */ = {
			isa = XCConfigurationList;
			buildConfigurations = (
				D1537C6E246ABE4F004A6BEF /* Debug */,
				D1537C6F246ABE4F004A6BEF /* Release */,
			);
			defaultConfigurationIsVisible = 0;
			defaultConfigurationName = Release;
		};
/* End XCConfigurationList section */

/* Begin XCVersionGroup section */
		D1537C62246ABE4A004A6BEF /* Guidy.xcdatamodeld */ = {
			isa = XCVersionGroup;
			children = (
				D1537C63246ABE4A004A6BEF /* Guidy.xcdatamodel */,
			);
			currentVersion = D1537C63246ABE4A004A6BEF /* Guidy.xcdatamodel */;
			path = Guidy.xcdatamodeld;
			sourceTree = "<group>";
			versionGroupType = wrapper.xcdatamodel;
		};
/* End XCVersionGroup section */
	};
	rootObject = D1537C4E246ABE4A004A6BEF /* Project object */;
}
