PODS:
  - Alamofire (5.1.0)
  - ARCL (1.3.0)

DEPENDENCIES:
  - Alamofire
  - ARCL

SPEC REPOS:
  trunk:
    - Alamofire
    - ARCL

SPEC CHECKSUMS:
  Alamofire: 9d5c5f602928e512395b30950c5984eca840093c
  ARCL: db48b6927d6f3f49f29568295ed91c94ab8d4aab

PODFILE CHECKSUM: a8e52fcd6409f949a668f1fd558975b33693e72c

COCOAPODS: 1.8.4
